
Microsoft Visual Studio Solution File, Format Version 12.00
# Visual Studio Version 17
VisualStudioVersion = 17.6.33815.320
MinimumVisualStudioVersion = 10.0.40219.1
Project("{FAE04EC0-301F-11D3-BF4B-00C04F79EFBC}") = "bmiCalclator", "bmiCalclator\bmiCalclator.csproj", "{AD6967CA-27D4-4AEA-AD2D-9096B7FFA661}"
EndProject
Global
	GlobalSection(SolutionConfigurationPlatforms) = preSolution
		Debug|Any CPU = Debug|Any CPU
		Release|Any CPU = Release|Any CPU
	EndGlobalSection
	GlobalSection(ProjectConfigurationPlatforms) = postSolution
		{AD6967CA-27D4-4AEA-AD2D-9096B7FFA661}.Debug|Any CPU.ActiveCfg = Debug|Any CPU
		{AD6967CA-27D4-4AEA-AD2D-9096B7FFA661}.Debug|Any CPU.Build.0 = Debug|Any CPU
		{AD6967CA-27D4-4AEA-AD2D-9096B7FFA661}.Release|Any CPU.ActiveCfg = Release|Any CPU
		{AD6967CA-27D4-4AEA-AD2D-9096B7FFA661}.Release|Any CPU.Build.0 = Release|Any CPU
	EndGlobalSection
	GlobalSection(SolutionProperties) = preSolution
		HideSolutionNode = FALSE
	EndGlobalSection
	GlobalSection(ExtensibilityGlobals) = postSolution
		SolutionGuid = {053B8EE9-6E78-40A5-B808-F2C9BC5A0044}
	EndGlobalSection
EndGlobal
